
Microsoft Visual Studio Solution File, Format Version 12.00
# Visual Studio Version 16
VisualStudioVersion = 16.0.30225.117
MinimumVisualStudioVersion = 10.0.40219.1
Project("{FAE04EC0-301F-11D3-BF4B-00C04F79EFBC}") = "Data Load", "Data Load\Data Load.csproj", "{8F7C9891-72DD-4903-89F5-FA1B3AA7DA66}"
EndProject
Global
	GlobalSection(SolutionConfigurationPlatforms) = preSolution
		Debug|Any CPU = Debug|Any CPU
		Release|Any CPU = Release|Any CPU
	EndGlobalSection
	GlobalSection(ProjectConfigurationPlatforms) = postSolution
		{8F7C9891-72DD-4903-89F5-FA1B3AA7DA66}.Debug|Any CPU.ActiveCfg = Debug|Any CPU
		{8F7C9891-72DD-4903-89F5-FA1B3AA7DA66}.Debug|Any CPU.Build.0 = Debug|Any CPU
		{8F7C9891-72DD-4903-89F5-FA1B3AA7DA66}.Release|Any CPU.ActiveCfg = Release|Any CPU
		{8F7C9891-72DD-4903-89F5-FA1B3AA7DA66}.Release|Any CPU.Build.0 = Release|Any CPU
	EndGlobalSection
	GlobalSection(SolutionProperties) = preSolution
		HideSolutionNode = FALSE
	EndGlobalSection
	GlobalSection(ExtensibilityGlobals) = postSolution
		SolutionGuid = {66F576C1-4111-4EE6-9F3A-362208337136}
	EndGlobalSection
	GlobalSection(TeamFoundationVersionControl) = preSolution
		SccNumberOfProjects = 2
		SccEnterpriseProvider = {4CA58AB2-18FA-4F8D-95D4-32DDF27D184C}
		SccTeamFoundationServer = https://dev.azure.com/cal-laboratories
		SccLocalPath0 = .
		SccProjectUniqueName1 = Data\u0020Load\\Data\u0020Load.csproj
		SccProjectName1 = Data\u0020Load
		SccLocalPath1 = Data\u0020Load
	EndGlobalSection
EndGlobal
